
Microsoft Visual Studio Solution File, Format Version 12.00
# Visual Studio Version 17
VisualStudioVersion = 17.3.32825.248
MinimumVisualStudioVersion = 10.0.40219.1
Project("{54A90642-561A-4BB1-A94E-469ADEE60C69}") = "Connect-Frontend", "Connect-Frontend\Connect-Frontend.esproj", "{946EC668-58F1-49D8-9281-A76EFBF2023B}"
EndProject
Project("{9A19103F-16F7-4668-BE54-9A1E7A4F7556}") = "Connect-Backend", "Connect-Backend\Connect-Backend.csproj", "{35D89F89-1268-4412-A43F-9CB8678CE072}"
EndProject
Global
	GlobalSection(SolutionConfigurationPlatforms) = preSolution
		Debug|Any CPU = Debug|Any CPU
		Release|Any CPU = Release|Any CPU
	EndGlobalSection
	GlobalSection(ProjectConfigurationPlatforms) = postSolution
		{946EC668-58F1-49D8-9281-A76EFBF2023B}.Debug|Any CPU.ActiveCfg = Debug|Any CPU
		{946EC668-58F1-49D8-9281-A76EFBF2023B}.Debug|Any CPU.Build.0 = Debug|Any CPU
		{946EC668-58F1-49D8-9281-A76EFBF2023B}.Debug|Any CPU.Deploy.0 = Debug|Any CPU
		{946EC668-58F1-49D8-9281-A76EFBF2023B}.Release|Any CPU.ActiveCfg = Release|Any CPU
		{946EC668-58F1-49D8-9281-A76EFBF2023B}.Release|Any CPU.Build.0 = Release|Any CPU
		{946EC668-58F1-49D8-9281-A76EFBF2023B}.Release|Any CPU.Deploy.0 = Release|Any CPU
		{35D89F89-1268-4412-A43F-9CB8678CE072}.Debug|Any CPU.ActiveCfg = Debug|Any CPU
		{35D89F89-1268-4412-A43F-9CB8678CE072}.Debug|Any CPU.Build.0 = Debug|Any CPU
		{35D89F89-1268-4412-A43F-9CB8678CE072}.Release|Any CPU.ActiveCfg = Release|Any CPU
		{35D89F89-1268-4412-A43F-9CB8678CE072}.Release|Any CPU.Build.0 = Release|Any CPU
	EndGlobalSection
	GlobalSection(SolutionProperties) = preSolution
		HideSolutionNode = FALSE
	EndGlobalSection
	GlobalSection(ExtensibilityGlobals) = postSolution
		SolutionGuid = {E100A6F5-8A26-406A-B483-3113BBE13A39}
	EndGlobalSection
EndGlobal
